
Microsoft Visual Studio Solution File, Format Version 12.00
# Visual Studio 14
VisualStudioVersion = 14.0.25420.1
MinimumVisualStudioVersion = 10.0.40219.1
Project("{F184B08F-C81C-45F6-A57F-5ABD9991F28F}") = "RichTextBoxEx", "RichTextBoxEx\RichTextBoxEx.vbproj", "{E49FA1FB-C46A-4193-86E4-0BE192CA268E}"
EndProject
Global
	GlobalSection(SolutionConfigurationPlatforms) = preSolution
		Debug|Any CPU = Debug|Any CPU
		Debug|Mixed Platforms = Debug|Mixed Platforms
		Debug|x86 = Debug|x86
		Release|Any CPU = Release|Any CPU
		Release|Mixed Platforms = Release|Mixed Platforms
		Release|x86 = Release|x86
	EndGlobalSection
	GlobalSection(ProjectConfigurationPlatforms) = postSolution
		{E49FA1FB-C46A-4193-86E4-0BE192CA268E}.Debug|Any CPU.ActiveCfg = Debug|Any CPU
		{E49FA1FB-C46A-4193-86E4-0BE192CA268E}.Debug|Any CPU.Build.0 = Debug|Any CPU
		{E49FA1FB-C46A-4193-86E4-0BE192CA268E}.Debug|Mixed Platforms.ActiveCfg = Debug|Any CPU
		{E49FA1FB-C46A-4193-86E4-0BE192CA268E}.Debug|Mixed Platforms.Build.0 = Debug|Any CPU
		{E49FA1FB-C46A-4193-86E4-0BE192CA268E}.Debug|x86.ActiveCfg = Debug|Any CPU
		{E49FA1FB-C46A-4193-86E4-0BE192CA268E}.Release|Any CPU.ActiveCfg = Release|Any CPU
		{E49FA1FB-C46A-4193-86E4-0BE192CA268E}.Release|Any CPU.Build.0 = Release|Any CPU
		{E49FA1FB-C46A-4193-86E4-0BE192CA268E}.Release|Mixed Platforms.ActiveCfg = Release|Any CPU
		{E49FA1FB-C46A-4193-86E4-0BE192CA268E}.Release|Mixed Platforms.Build.0 = Release|Any CPU
		{E49FA1FB-C46A-4193-86E4-0BE192CA268E}.Release|x86.ActiveCfg = Release|Any CPU
	EndGlobalSection
	GlobalSection(SolutionProperties) = preSolution
		HideSolutionNode = FALSE
	EndGlobalSection
EndGlobal
